
Microsoft Visual Studio Solution File, Format Version 12.00
# Visual Studio Version 16
VisualStudioVersion = 16.0.32106.194
MinimumVisualStudioVersion = 10.0.40219.1
Project("{FAE04EC0-301F-11D3-BF4B-00C04F79EFBC}") = "Ado.netcrudopertion", "Ado.netcrudopertion\Ado.netcrudopertion.csproj", "{8AE3E5E3-7D9A-41ED-8C9F-E711869F6B49}"
EndProject
Global
	GlobalSection(SolutionConfigurationPlatforms) = preSolution
		Debug|Any CPU = Debug|Any CPU
		Release|Any CPU = Release|Any CPU
	EndGlobalSection
	GlobalSection(ProjectConfigurationPlatforms) = postSolution
		{8AE3E5E3-7D9A-41ED-8C9F-E711869F6B49}.Debug|Any CPU.ActiveCfg = Debug|Any CPU
		{8AE3E5E3-7D9A-41ED-8C9F-E711869F6B49}.Debug|Any CPU.Build.0 = Debug|Any CPU
		{8AE3E5E3-7D9A-41ED-8C9F-E711869F6B49}.Release|Any CPU.ActiveCfg = Release|Any CPU
		{8AE3E5E3-7D9A-41ED-8C9F-E711869F6B49}.Release|Any CPU.Build.0 = Release|Any CPU
	EndGlobalSection
	GlobalSection(SolutionProperties) = preSolution
		HideSolutionNode = FALSE
	EndGlobalSection
	GlobalSection(ExtensibilityGlobals) = postSolution
		SolutionGuid = {8B0D3961-C3E2-41EF-96D7-3A069AEB27B3}
	EndGlobalSection
EndGlobal
